
Microsoft Visual Studio Solution File, Format Version 12.00
# Visual Studio Version 17
VisualStudioVersion = 17.11.35327.3
MinimumVisualStudioVersion = 10.0.40219.1
Project("{FAE04EC0-301F-11D3-BF4B-00C04F79EFBC}") = "task03", "task03\task03.csproj", "{4A326C5A-3AC8-49DE-AA45-7589C93039B8}"
EndProject
Project("{2150E333-8FDC-42A3-9474-1A3956D46DE8}") = "Solution Items", "Solution Items", "{DE2B9AD5-6936-4BED-8F34-FF51B789EE68}"
	ProjectSection(SolutionItems) = preProject
		.editorconfig = .editorconfig
	EndProjectSection
EndProject
Global
	GlobalSection(SolutionConfigurationPlatforms) = preSolution
		Debug|Any CPU = Debug|Any CPU
		Release|Any CPU = Release|Any CPU
	EndGlobalSection
	GlobalSection(ProjectConfigurationPlatforms) = postSolution
		{4A326C5A-3AC8-49DE-AA45-7589C93039B8}.Debug|Any CPU.ActiveCfg = Debug|Any CPU
		{4A326C5A-3AC8-49DE-AA45-7589C93039B8}.Debug|Any CPU.Build.0 = Debug|Any CPU
		{4A326C5A-3AC8-49DE-AA45-7589C93039B8}.Release|Any CPU.ActiveCfg = Release|Any CPU
		{4A326C5A-3AC8-49DE-AA45-7589C93039B8}.Release|Any CPU.Build.0 = Release|Any CPU
	EndGlobalSection
	GlobalSection(SolutionProperties) = preSolution
		HideSolutionNode = FALSE
	EndGlobalSection
	GlobalSection(ExtensibilityGlobals) = postSolution
		SolutionGuid = {375A8FC0-1E1F-43E8-8914-607B45886095}
	EndGlobalSection
EndGlobal
